
Microsoft Visual Studio Solution File, Format Version 12.00
# Visual Studio 15
VisualStudioVersion = 15.0.28010.2046
MinimumVisualStudioVersion = 10.0.40219.1
Project("{FAE04EC0-301F-11D3-BF4B-00C04F79EFBC}") = "Agenda.Android", "Agenda\Agenda.Android\Agenda.Android.csproj", "{E38C8AD9-3F89-4BA6-BB3B-964618C5C4E1}"
EndProject
Project("{FAE04EC0-301F-11D3-BF4B-00C04F79EFBC}") = "Agenda.iOS", "Agenda\Agenda.iOS\Agenda.iOS.csproj", "{C5F25E60-15FB-4E62-B5C1-A13A313CB642}"
EndProject
Project("{FAE04EC0-301F-11D3-BF4B-00C04F79EFBC}") = "Agenda.UWP", "Agenda\Agenda.UWP\Agenda.UWP.csproj", "{19D6BE9B-2E79-4021-B045-B4F2B4E8494A}"
EndProject
Project("{9A19103F-16F7-4668-BE54-9A1E7A4F7556}") = "Agenda", "Agenda\Agenda\Agenda.csproj", "{7E2A7A75-E682-424C-A050-E11E5D4F8223}"
EndProject
Project("{FAE04EC0-301F-11D3-BF4B-00C04F79EFBC}") = "Agenda.Backend", "Agenda.Backend\Agenda.Backend.csproj", "{F3BB4C27-28A9-4E59-B56C-8FC8A978602F}"
EndProject
Project("{FAE04EC0-301F-11D3-BF4B-00C04F79EFBC}") = "Agenda.API", "Agenda.API\Agenda.API.csproj", "{480DB699-BA1A-41EA-81FB-827E9C13DEE5}"
EndProject
Project("{FAE04EC0-301F-11D3-BF4B-00C04F79EFBC}") = "Agenda.Domain", "Agenda.Domain\Agenda.Domain.csproj", "{3E5B1FF8-F6DC-4A59-9E46-1D9A29E78F89}"
EndProject
Project("{FAE04EC0-301F-11D3-BF4B-00C04F79EFBC}") = "Agenda.Common", "Agenda.Common\Agenda.Common.csproj", "{1521F008-123F-4A37-B8B4-2710A15A1A22}"
EndProject
Global
	GlobalSection(SolutionConfigurationPlatforms) = preSolution
		Ad-Hoc|Any CPU = Ad-Hoc|Any CPU
		Ad-Hoc|ARM = Ad-Hoc|ARM
		Ad-Hoc|iPhone = Ad-Hoc|iPhone
		Ad-Hoc|iPhoneSimulator = Ad-Hoc|iPhoneSimulator
		Ad-Hoc|x64 = Ad-Hoc|x64
		Ad-Hoc|x86 = Ad-Hoc|x86
		AppStore|Any CPU = AppStore|Any CPU
		AppStore|ARM = AppStore|ARM
		AppStore|iPhone = AppStore|iPhone
		AppStore|iPhoneSimulator = AppStore|iPhoneSimulator
		AppStore|x64 = AppStore|x64
		AppStore|x86 = AppStore|x86
		Debug|Any CPU = Debug|Any CPU
		Debug|ARM = Debug|ARM
		Debug|iPhone = Debug|iPhone
		Debug|iPhoneSimulator = Debug|iPhoneSimulator
		Debug|x64 = Debug|x64
		Debug|x86 = Debug|x86
		Release|Any CPU = Release|Any CPU
		Release|ARM = Release|ARM
		Release|iPhone = Release|iPhone
		Release|iPhoneSimulator = Release|iPhoneSimulator
		Release|x64 = Release|x64
		Release|x86 = Release|x86
	EndGlobalSection
	GlobalSection(ProjectConfigurationPlatforms) = postSolution
		{E38C8AD9-3F89-4BA6-BB3B-964618C5C4E1}.Ad-Hoc|Any CPU.ActiveCfg = Release|Any CPU
		{E38C8AD9-3F89-4BA6-BB3B-964618C5C4E1}.Ad-Hoc|Any CPU.Build.0 = Release|Any CPU
		{E38C8AD9-3F89-4BA6-BB3B-964618C5C4E1}.Ad-Hoc|Any CPU.Deploy.0 = Release|Any CPU
		{E38C8AD9-3F89-4BA6-BB3B-964618C5C4E1}.Ad-Hoc|ARM.ActiveCfg = Release|Any CPU
		{E38C8AD9-3F89-4BA6-BB3B-964618C5C4E1}.Ad-Hoc|ARM.Build.0 = Release|Any CPU
		{E38C8AD9-3F89-4BA6-BB3B-964618C5C4E1}.Ad-Hoc|ARM.Deploy.0 = Release|Any CPU
		{E38C8AD9-3F89-4BA6-BB3B-964618C5C4E1}.Ad-Hoc|iPhone.ActiveCfg = Release|Any CPU
		{E38C8AD9-3F89-4BA6-BB3B-964618C5C4E1}.Ad-Hoc|iPhone.Build.0 = Release|Any CPU
		{E38C8AD9-3F89-4BA6-BB3B-964618C5C4E1}.Ad-Hoc|iPhone.Deploy.0 = Release|Any CPU
		{E38C8AD9-3F89-4BA6-BB3B-964618C5C4E1}.Ad-Hoc|iPhoneSimulator.ActiveCfg = Release|Any CPU
		{E38C8AD9-3F89-4BA6-BB3B-964618C5C4E1}.Ad-Hoc|iPhoneSimulator.Build.0 = Release|Any CPU
		{E38C8AD9-3F89-4BA6-BB3B-964618C5C4E1}.Ad-Hoc|iPhoneSimulator.Deploy.0 = Release|Any CPU
		{E38C8AD9-3F89-4BA6-BB3B-964618C5C4E1}.Ad-Hoc|x64.ActiveCfg = Release|Any CPU
		{E38C8AD9-3F89-4BA6-BB3B-964618C5C4E1}.Ad-Hoc|x64.Build.0 = Release|Any CPU
		{E38C8AD9-3F89-4BA6-BB3B-964618C5C4E1}.Ad-Hoc|x64.Deploy.0 = Release|Any CPU
		{E38C8AD9-3F89-4BA6-BB3B-964618C5C4E1}.Ad-Hoc|x86.ActiveCfg = Release|Any CPU
		{E38C8AD9-3F89-4BA6-BB3B-964618C5C4E1}.Ad-Hoc|x86.Build.0 = Release|Any CPU
		{E38C8AD9-3F89-4BA6-BB3B-964618C5C4E1}.Ad-Hoc|x86.Deploy.0 = Release|Any CPU
		{E38C8AD9-3F89-4BA6-BB3B-964618C5C4E1}.AppStore|Any CPU.ActiveCfg = Release|Any CPU
		{E38C8AD9-3F89-4BA6-BB3B-964618C5C4E1}.AppStore|Any CPU.Build.0 = Release|Any CPU
		{E38C8AD9-3F89-4BA6-BB3B-964618C5C4E1}.AppStore|Any CPU.Deploy.0 = Release|Any CPU
		{E38C8AD9-3F89-4BA6-BB3B-964618C5C4E1}.AppStore|ARM.ActiveCfg = Release|Any CPU
		{E38C8AD9-3F89-4BA6-BB3B-964618C5C4E1}.AppStore|ARM.Build.0 = Release|Any CPU
		{E38C8AD9-3F89-4BA6-BB3B-964618C5C4E1}.AppStore|ARM.Deploy.0 = Release|Any CPU
		{E38C8AD9-3F89-4BA6-BB3B-964618C5C4E1}.AppStore|iPhone.ActiveCfg = Release|Any CPU
		{E38C8AD9-3F89-4BA6-BB3B-964618C5C4E1}.AppStore|iPhone.Build.0 = Release|Any CPU
		{E38C8AD9-3F89-4BA6-BB3B-964618C5C4E1}.AppStore|iPhone.Deploy.0 = Release|Any CPU
		{E38C8AD9-3F89-4BA6-BB3B-964618C5C4E1}.AppStore|iPhoneSimulator.ActiveCfg = Release|Any CPU
		{E38C8AD9-3F89-4BA6-BB3B-964618C5C4E1}.AppStore|iPhoneSimulator.Build.0 = Release|Any CPU
		{E38C8AD9-3F89-4BA6-BB3B-964618C5C4E1}.AppStore|iPhoneSimulator.Deploy.0 = Release|Any CPU
		{E38C8AD9-3F89-4BA6-BB3B-964618C5C4E1}.AppStore|x64.ActiveCfg = Release|Any CPU
		{E38C8AD9-3F89-4BA6-BB3B-964618C5C4E1}.AppStore|x64.Build.0 = Release|Any CPU
		{E38C8AD9-3F89-4BA6-BB3B-964618C5C4E1}.AppStore|x64.Deploy.0 = Release|Any CPU
		{E38C8AD9-3F89-4BA6-BB3B-964618C5C4E1}.AppStore|x86.ActiveCfg = Release|Any CPU
		{E38C8AD9-3F89-4BA6-BB3B-964618C5C4E1}.AppStore|x86.Build.0 = Release|Any CPU
		{E38C8AD9-3F89-4BA6-BB3B-964618C5C4E1}.AppStore|x86.Deploy.0 = Release|Any CPU
		{E38C8AD9-3F89-4BA6-BB3B-964618C5C4E1}.Debug|Any CPU.ActiveCfg = Debug|Any CPU
		{E38C8AD9-3F89-4BA6-BB3B-964618C5C4E1}.Debug|Any CPU.Build.0 = Debug|Any CPU
		{E38C8AD9-3F89-4BA6-BB3B-964618C5C4E1}.Debug|Any CPU.Deploy.0 = Debug|Any CPU
		{E38C8AD9-3F89-4BA6-BB3B-964618C5C4E1}.Debug|ARM.ActiveCfg = Debug|Any CPU
		{E38C8AD9-3F89-4BA6-BB3B-964618C5C4E1}.Debug|ARM.Build.0 = Debug|Any CPU
		{E38C8AD9-3F89-4BA6-BB3B-964618C5C4E1}.Debug|ARM.Deploy.0 = Debug|Any CPU
		{E38C8AD9-3F89-4BA6-BB3B-964618C5C4E1}.Debug|iPhone.ActiveCfg = Debug|Any CPU
		{E38C8AD9-3F89-4BA6-BB3B-964618C5C4E1}.Debug|iPhone.Build.0 = Debug|Any CPU
		{E38C8AD9-3F89-4BA6-BB3B-964618C5C4E1}.Debug|iPhone.Deploy.0 = Debug|Any CPU
		{E38C8AD9-3F89-4BA6-BB3B-964618C5C4E1}.Debug|iPhoneSimulator.ActiveCfg = Debug|Any CPU
		{E38C8AD9-3F89-4BA6-BB3B-964618C5C4E1}.Debug|iPhoneSimulator.Build.0 = Debug|Any CPU
		{E38C8AD9-3F89-4BA6-BB3B-964618C5C4E1}.Debug|iPhoneSimulator.Deploy.0 = Debug|Any CPU
		{E38C8AD9-3F89-4BA6-BB3B-964618C5C4E1}.Debug|x64.ActiveCfg = Debug|Any CPU
		{E38C8AD9-3F89-4BA6-BB3B-964618C5C4E1}.Debug|x64.Build.0 = Debug|Any CPU
		{E38C8AD9-3F89-4BA6-BB3B-964618C5C4E1}.Debug|x64.Deploy.0 = Debug|Any CPU
		{E38C8AD9-3F89-4BA6-BB3B-964618C5C4E1}.Debug|x86.ActiveCfg = Debug|Any CPU
		{E38C8AD9-3F89-4BA6-BB3B-964618C5C4E1}.Debug|x86.Build.0 = Debug|Any CPU
		{E38C8AD9-3F89-4BA6-BB3B-964618C5C4E1}.Debug|x86.Deploy.0 = Debug|Any CPU
		{E38C8AD9-3F89-4BA6-BB3B-964618C5C4E1}.Release|Any CPU.ActiveCfg = Release|Any CPU
		{E38C8AD9-3F89-4BA6-BB3B-964618C5C4E1}.Release|Any CPU.Build.0 = Release|Any CPU
		{E38C8AD9-3F89-4BA6-BB3B-964618C5C4E1}.Release|Any CPU.Deploy.0 = Release|Any CPU
		{E38C8AD9-3F89-4BA6-BB3B-964618C5C4E1}.Release|ARM.ActiveCfg = Release|Any CPU
		{E38C8AD9-3F89-4BA6-BB3B-964618C5C4E1}.Release|ARM.Build.0 = Release|Any CPU
		{E38C8AD9-3F89-4BA6-BB3B-964618C5C4E1}.Release|ARM.Deploy.0 = Release|Any CPU
		{E38C8AD9-3F89-4BA6-BB3B-964618C5C4E1}.Release|iPhone.ActiveCfg = Release|Any CPU
		{E38C8AD9-3F89-4BA6-BB3B-964618C5C4E1}.Release|iPhone.Build.0 = Release|Any CPU
		{E38C8AD9-3F89-4BA6-BB3B-964618C5C4E1}.Release|iPhone.Deploy.0 = Release|Any CPU
		{E38C8AD9-3F89-4BA6-BB3B-964618C5C4E1}.Release|iPhoneSimulator.ActiveCfg = Release|Any CPU
		{E38C8AD9-3F89-4BA6-BB3B-964618C5C4E1}.Release|iPhoneSimulator.Build.0 = Release|Any CPU
		{E38C8AD9-3F89-4BA6-BB3B-964618C5C4E1}.Release|iPhoneSimulator.Deploy.0 = Release|Any CPU
		{E38C8AD9-3F89-4BA6-BB3B-964618C5C4E1}.Release|x64.ActiveCfg = Release|Any CPU
		{E38C8AD9-3F89-4BA6-BB3B-964618C5C4E1}.Release|x64.Build.0 = Release|Any CPU
		{E38C8AD9-3F89-4BA6-BB3B-964618C5C4E1}.Release|x64.Deploy.0 = Release|Any CPU
		{E38C8AD9-3F89-4BA6-BB3B-964618C5C4E1}.Release|x86.ActiveCfg = Release|Any CPU
		{E38C8AD9-3F89-4BA6-BB3B-964618C5C4E1}.Release|x86.Build.0 = Release|Any CPU
		{E38C8AD9-3F89-4BA6-BB3B-964618C5C4E1}.Release|x86.Deploy.0 = Release|Any CPU
		{C5F25E60-15FB-4E62-B5C1-A13A313CB642}.Ad-Hoc|Any CPU.ActiveCfg = Ad-Hoc|iPhone
		{C5F25E60-15FB-4E62-B5C1-A13A313CB642}.Ad-Hoc|Any CPU.Build.0 = Ad-Hoc|iPhone
		{C5F25E60-15FB-4E62-B5C1-A13A313CB642}.Ad-Hoc|Any CPU.Deploy.0 = Ad-Hoc|iPhone
		{C5F25E60-15FB-4E62-B5C1-A13A313CB642}.Ad-Hoc|ARM.ActiveCfg = Ad-Hoc|iPhone
		{C5F25E60-15FB-4E62-B5C1-A13A313CB642}.Ad-Hoc|ARM.Build.0 = Ad-Hoc|iPhone
		{C5F25E60-15FB-4E62-B5C1-A13A313CB642}.Ad-Hoc|ARM.Deploy.0 = Ad-Hoc|iPhone
		{C5F25E60-15FB-4E62-B5C1-A13A313CB642}.Ad-Hoc|iPhone.ActiveCfg = Ad-Hoc|iPhone
		{C5F25E60-15FB-4E62-B5C1-A13A313CB642}.Ad-Hoc|iPhone.Build.0 = Ad-Hoc|iPhone
		{C5F25E60-15FB-4E62-B5C1-A13A313CB642}.Ad-Hoc|iPhone.Deploy.0 = Ad-Hoc|iPhone
		{C5F25E60-15FB-4E62-B5C1-A13A313CB642}.Ad-Hoc|iPhoneSimulator.ActiveCfg = Ad-Hoc|iPhoneSimulator
		{C5F25E60-15FB-4E62-B5C1-A13A313CB642}.Ad-Hoc|iPhoneSimulator.Build.0 = Ad-Hoc|iPhoneSimulator
		{C5F25E60-15FB-4E62-B5C1-A13A313CB642}.Ad-Hoc|iPhoneSimulator.Deploy.0 = Ad-Hoc|iPhoneSimulator
		{C5F25E60-15FB-4E62-B5C1-A13A313CB642}.Ad-Hoc|x64.ActiveCfg = Ad-Hoc|iPhone
		{C5F25E60-15FB-4E62-B5C1-A13A313CB642}.Ad-Hoc|x64.Build.0 = Ad-Hoc|iPhone
		{C5F25E60-15FB-4E62-B5C1-A13A313CB642}.Ad-Hoc|x64.Deploy.0 = Ad-Hoc|iPhone
		{C5F25E60-15FB-4E62-B5C1-A13A313CB642}.Ad-Hoc|x86.ActiveCfg = Ad-Hoc|iPhone
		{C5F25E60-15FB-4E62-B5C1-A13A313CB642}.Ad-Hoc|x86.Build.0 = Ad-Hoc|iPhone
		{C5F25E60-15FB-4E62-B5C1-A13A313CB642}.Ad-Hoc|x86.Deploy.0 = Ad-Hoc|iPhone
		{C5F25E60-15FB-4E62-B5C1-A13A313CB642}.AppStore|Any CPU.ActiveCfg = AppStore|iPhone
		{C5F25E60-15FB-4E62-B5C1-A13A313CB642}.AppStore|Any CPU.Build.0 = AppStore|iPhone
		{C5F25E60-15FB-4E62-B5C1-A13A313CB642}.AppStore|Any CPU.Deploy.0 = AppStore|iPhone
		{C5F25E60-15FB-4E62-B5C1-A13A313CB642}.AppStore|ARM.ActiveCfg = AppStore|iPhone
		{C5F25E60-15FB-4E62-B5C1-A13A313CB642}.AppStore|ARM.Build.0 = AppStore|iPhone
		{C5F25E60-15FB-4E62-B5C1-A13A313CB642}.AppStore|ARM.Deploy.0 = AppStore|iPhone
		{C5F25E60-15FB-4E62-B5C1-A13A313CB642}.AppStore|iPhone.ActiveCfg = AppStore|iPhone
		{C5F25E60-15FB-4E62-B5C1-A13A313CB642}.AppStore|iPhone.Build.0 = AppStore|iPhone
		{C5F25E60-15FB-4E62-B5C1-A13A313CB642}.AppStore|iPhone.Deploy.0 = AppStore|iPhone
		{C5F25E60-15FB-4E62-B5C1-A13A313CB642}.AppStore|iPhoneSimulator.ActiveCfg = AppStore|iPhoneSimulator
		{C5F25E60-15FB-4E62-B5C1-A13A313CB642}.AppStore|iPhoneSimulator.Build.0 = AppStore|iPhoneSimulator
		{C5F25E60-15FB-4E62-B5C1-A13A313CB642}.AppStore|iPhoneSimulator.Deploy.0 = AppStore|iPhoneSimulator
		{C5F25E60-15FB-4E62-B5C1-A13A313CB642}.AppStore|x64.ActiveCfg = AppStore|iPhone
		{C5F25E60-15FB-4E62-B5C1-A13A313CB642}.AppStore|x64.Build.0 = AppStore|iPhone
		{C5F25E60-15FB-4E62-B5C1-A13A313CB642}.AppStore|x64.Deploy.0 = AppStore|iPhone
		{C5F25E60-15FB-4E62-B5C1-A13A313CB642}.AppStore|x86.ActiveCfg = AppStore|iPhone
		{C5F25E60-15FB-4E62-B5C1-A13A313CB642}.AppStore|x86.Build.0 = AppStore|iPhone
		{C5F25E60-15FB-4E62-B5C1-A13A313CB642}.AppStore|x86.Deploy.0 = AppStore|iPhone
		{C5F25E60-15FB-4E62-B5C1-A13A313CB642}.Debug|Any CPU.ActiveCfg = Debug|iPhoneSimulator
		{C5F25E60-15FB-4E62-B5C1-A13A313CB642}.Debug|Any CPU.Build.0 = Debug|iPhoneSimulator
		{C5F25E60-15FB-4E62-B5C1-A13A313CB642}.Debug|Any CPU.Deploy.0 = Debug|iPhoneSimulator
		{C5F25E60-15FB-4E62-B5C1-A13A313CB642}.Debug|ARM.ActiveCfg = Debug|iPhone
		{C5F25E60-15FB-4E62-B5C1-A13A313CB642}.Debug|ARM.Build.0 = Debug|iPhone
		{C5F25E60-15FB-4E62-B5C1-A13A313CB642}.Debug|ARM.Deploy.0 = Debug|iPhone
		{C5F25E60-15FB-4E62-B5C1-A13A313CB642}.Debug|iPhone.ActiveCfg = Debug|iPhone
		{C5F25E60-15FB-4E62-B5C1-A13A313CB642}.Debug|iPhone.Build.0 = Debug|iPhone
		{C5F25E60-15FB-4E62-B5C1-A13A313CB642}.Debug|iPhone.Deploy.0 = Debug|iPhone
		{C5F25E60-15FB-4E62-B5C1-A13A313CB642}.Debug|iPhoneSimulator.ActiveCfg = Debug|iPhoneSimulator
		{C5F25E60-15FB-4E62-B5C1-A13A313CB642}.Debug|iPhoneSimulator.Build.0 = Debug|iPhoneSimulator
		{C5F25E60-15FB-4E62-B5C1-A13A313CB642}.Debug|iPhoneSimulator.Deploy.0 = Debug|iPhoneSimulator
		{C5F25E60-15FB-4E62-B5C1-A13A313CB642}.Debug|x64.ActiveCfg = Debug|iPhone
		{C5F25E60-15FB-4E62-B5C1-A13A313CB642}.Debug|x64.Build.0 = Debug|iPhone
		{C5F25E60-15FB-4E62-B5C1-A13A313CB642}.Debug|x64.Deploy.0 = Debug|iPhone
		{C5F25E60-15FB-4E62-B5C1-A13A313CB642}.Debug|x86.ActiveCfg = Debug|iPhone
		{C5F25E60-15FB-4E62-B5C1-A13A313CB642}.Debug|x86.Build.0 = Debug|iPhone
		{C5F25E60-15FB-4E62-B5C1-A13A313CB642}.Debug|x86.Deploy.0 = Debug|iPhone
		{C5F25E60-15FB-4E62-B5C1-A13A313CB642}.Release|Any CPU.ActiveCfg = Release|iPhone
		{C5F25E60-15FB-4E62-B5C1-A13A313CB642}.Release|Any CPU.Build.0 = Release|iPhone
		{C5F25E60-15FB-4E62-B5C1-A13A313CB642}.Release|Any CPU.Deploy.0 = Release|iPhone
		{C5F25E60-15FB-4E62-B5C1-A13A313CB642}.Release|ARM.ActiveCfg = Release|iPhone
		{C5F25E60-15FB-4E62-B5C1-A13A313CB642}.Release|ARM.Build.0 = Release|iPhone
		{C5F25E60-15FB-4E62-B5C1-A13A313CB642}.Release|ARM.Deploy.0 = Release|iPhone
		{C5F25E60-15FB-4E62-B5C1-A13A313CB642}.Release|iPhone.ActiveCfg = Release|iPhone
		{C5F25E60-15FB-4E62-B5C1-A13A313CB642}.Release|iPhone.Build.0 = Release|iPhone
		{C5F25E60-15FB-4E62-B5C1-A13A313CB642}.Release|iPhone.Deploy.0 = Release|iPhone
		{C5F25E60-15FB-4E62-B5C1-A13A313CB642}.Release|iPhoneSimulator.ActiveCfg = Release|iPhoneSimulator
		{C5F25E60-15FB-4E62-B5C1-A13A313CB642}.Release|iPhoneSimulator.Build.0 = Release|iPhoneSimulator
		{C5F25E60-15FB-4E62-B5C1-A13A313CB642}.Release|iPhoneSimulator.Deploy.0 = Release|iPhoneSimulator
		{C5F25E60-15FB-4E62-B5C1-A13A313CB642}.Release|x64.ActiveCfg = Release|iPhone
		{C5F25E60-15FB-4E62-B5C1-A13A313CB642}.Release|x64.Build.0 = Release|iPhone
		{C5F25E60-15FB-4E62-B5C1-A13A313CB642}.Release|x64.Deploy.0 = Release|iPhone
		{C5F25E60-15FB-4E62-B5C1-A13A313CB642}.Release|x86.ActiveCfg = Release|iPhone
		{C5F25E60-15FB-4E62-B5C1-A13A313CB642}.Release|x86.Build.0 = Release|iPhone
		{C5F25E60-15FB-4E62-B5C1-A13A313CB642}.Release|x86.Deploy.0 = Release|iPhone
		{19D6BE9B-2E79-4021-B045-B4F2B4E8494A}.Ad-Hoc|Any CPU.ActiveCfg = Release|x86
		{19D6BE9B-2E79-4021-B045-B4F2B4E8494A}.Ad-Hoc|Any CPU.Build.0 = Release|x86
		{19D6BE9B-2E79-4021-B045-B4F2B4E8494A}.Ad-Hoc|Any CPU.Deploy.0 = Release|x86
		{19D6BE9B-2E79-4021-B045-B4F2B4E8494A}.Ad-Hoc|ARM.ActiveCfg = Release|ARM
		{19D6BE9B-2E79-4021-B045-B4F2B4E8494A}.Ad-Hoc|ARM.Build.0 = Release|ARM
		{19D6BE9B-2E79-4021-B045-B4F2B4E8494A}.Ad-Hoc|ARM.Deploy.0 = Release|ARM
		{19D6BE9B-2E79-4021-B045-B4F2B4E8494A}.Ad-Hoc|iPhone.ActiveCfg = Release|x86
		{19D6BE9B-2E79-4021-B045-B4F2B4E8494A}.Ad-Hoc|iPhone.Build.0 = Release|x86
		{19D6BE9B-2E79-4021-B045-B4F2B4E8494A}.Ad-Hoc|iPhone.Deploy.0 = Release|x86
		{19D6BE9B-2E79-4021-B045-B4F2B4E8494A}.Ad-Hoc|iPhoneSimulator.ActiveCfg = Release|x86
		{19D6BE9B-2E79-4021-B045-B4F2B4E8494A}.Ad-Hoc|iPhoneSimulator.Build.0 = Release|x86
		{19D6BE9B-2E79-4021-B045-B4F2B4E8494A}.Ad-Hoc|iPhoneSimulator.Deploy.0 = Release|x86
		{19D6BE9B-2E79-4021-B045-B4F2B4E8494A}.Ad-Hoc|x64.ActiveCfg = Release|x64
		{19D6BE9B-2E79-4021-B045-B4F2B4E8494A}.Ad-Hoc|x64.Build.0 = Release|x64
		{19D6BE9B-2E79-4021-B045-B4F2B4E8494A}.Ad-Hoc|x64.Deploy.0 = Release|x64
		{19D6BE9B-2E79-4021-B045-B4F2B4E8494A}.Ad-Hoc|x86.ActiveCfg = Release|x86
		{19D6BE9B-2E79-4021-B045-B4F2B4E8494A}.Ad-Hoc|x86.Build.0 = Release|x86
		{19D6BE9B-2E79-4021-B045-B4F2B4E8494A}.Ad-Hoc|x86.Deploy.0 = Release|x86
		{19D6BE9B-2E79-4021-B045-B4F2B4E8494A}.AppStore|Any CPU.ActiveCfg = Release|x86
		{19D6BE9B-2E79-4021-B045-B4F2B4E8494A}.AppStore|Any CPU.Build.0 = Release|x86
		{19D6BE9B-2E79-4021-B045-B4F2B4E8494A}.AppStore|Any CPU.Deploy.0 = Release|x86
		{19D6BE9B-2E79-4021-B045-B4F2B4E8494A}.AppStore|ARM.ActiveCfg = Release|ARM
		{19D6BE9B-2E79-4021-B045-B4F2B4E8494A}.AppStore|ARM.Build.0 = Release|ARM
		{19D6BE9B-2E79-4021-B045-B4F2B4E8494A}.AppStore|ARM.Deploy.0 = Release|ARM
		{19D6BE9B-2E79-4021-B045-B4F2B4E8494A}.AppStore|iPhone.ActiveCfg = Release|x86
		{19D6BE9B-2E79-4021-B045-B4F2B4E8494A}.AppStore|iPhone.Build.0 = Release|x86
		{19D6BE9B-2E79-4021-B045-B4F2B4E8494A}.AppStore|iPhone.Deploy.0 = Release|x86
		{19D6BE9B-2E79-4021-B045-B4F2B4E8494A}.AppStore|iPhoneSimulator.ActiveCfg = Release|x86
		{19D6BE9B-2E79-4021-B045-B4F2B4E8494A}.AppStore|iPhoneSimulator.Build.0 = Release|x86
		{19D6BE9B-2E79-4021-B045-B4F2B4E8494A}.AppStore|iPhoneSimulator.Deploy.0 = Release|x86
		{19D6BE9B-2E79-4021-B045-B4F2B4E8494A}.AppStore|x64.ActiveCfg = Release|x64
		{19D6BE9B-2E79-4021-B045-B4F2B4E8494A}.AppStore|x64.Build.0 = Release|x64
		{19D6BE9B-2E79-4021-B045-B4F2B4E8494A}.AppStore|x64.Deploy.0 = Release|x64
		{19D6BE9B-2E79-4021-B045-B4F2B4E8494A}.AppStore|x86.ActiveCfg = Release|x86
		{19D6BE9B-2E79-4021-B045-B4F2B4E8494A}.AppStore|x86.Build.0 = Release|x86
		{19D6BE9B-2E79-4021-B045-B4F2B4E8494A}.AppStore|x86.Deploy.0 = Release|x86
		{19D6BE9B-2E79-4021-B045-B4F2B4E8494A}.Debug|Any CPU.ActiveCfg = Debug|x86
		{19D6BE9B-2E79-4021-B045-B4F2B4E8494A}.Debug|Any CPU.Build.0 = Debug|x86
		{19D6BE9B-2E79-4021-B045-B4F2B4E8494A}.Debug|Any CPU.Deploy.0 = Debug|x86
		{19D6BE9B-2E79-4021-B045-B4F2B4E8494A}.Debug|ARM.ActiveCfg = Debug|ARM
		{19D6BE9B-2E79-4021-B045-B4F2B4E8494A}.Debug|ARM.Build.0 = Debug|ARM
		{19D6BE9B-2E79-4021-B045-B4F2B4E8494A}.Debug|ARM.Deploy.0 = Debug|ARM
		{19D6BE9B-2E79-4021-B045-B4F2B4E8494A}.Debug|iPhone.ActiveCfg = Debug|x86
		{19D6BE9B-2E79-4021-B045-B4F2B4E8494A}.Debug|iPhone.Build.0 = Debug|x86
		{19D6BE9B-2E79-4021-B045-B4F2B4E8494A}.Debug|iPhone.Deploy.0 = Debug|x86
		{19D6BE9B-2E79-4021-B045-B4F2B4E8494A}.Debug|iPhoneSimulator.ActiveCfg = Debug|x86
		{19D6BE9B-2E79-4021-B045-B4F2B4E8494A}.Debug|iPhoneSimulator.Build.0 = Debug|x86
		{19D6BE9B-2E79-4021-B045-B4F2B4E8494A}.Debug|iPhoneSimulator.Deploy.0 = Debug|x86
		{19D6BE9B-2E79-4021-B045-B4F2B4E8494A}.Debug|x64.ActiveCfg = Debug|x64
		{19D6BE9B-2E79-4021-B045-B4F2B4E8494A}.Debug|x64.Build.0 = Debug|x64
		{19D6BE9B-2E79-4021-B045-B4F2B4E8494A}.Debug|x64.Deploy.0 = Debug|x64
		{19D6BE9B-2E79-4021-B045-B4F2B4E8494A}.Debug|x86.ActiveCfg = Debug|x86
		{19D6BE9B-2E79-4021-B045-B4F2B4E8494A}.Debug|x86.Build.0 = Debug|x86
		{19D6BE9B-2E79-4021-B045-B4F2B4E8494A}.Debug|x86.Deploy.0 = Debug|x86
		{19D6BE9B-2E79-4021-B045-B4F2B4E8494A}.Release|Any CPU.ActiveCfg = Release|x86
		{19D6BE9B-2E79-4021-B045-B4F2B4E8494A}.Release|Any CPU.Build.0 = Release|x86
		{19D6BE9B-2E79-4021-B045-B4F2B4E8494A}.Release|Any CPU.Deploy.0 = Release|x86
		{19D6BE9B-2E79-4021-B045-B4F2B4E8494A}.Release|ARM.ActiveCfg = Release|ARM
		{19D6BE9B-2E79-4021-B045-B4F2B4E8494A}.Release|ARM.Build.0 = Release|ARM
		{19D6BE9B-2E79-4021-B045-B4F2B4E8494A}.Release|ARM.Deploy.0 = Release|ARM
		{19D6BE9B-2E79-4021-B045-B4F2B4E8494A}.Release|iPhone.ActiveCfg = Release|x86
		{19D6BE9B-2E79-4021-B045-B4F2B4E8494A}.Release|iPhone.Build.0 = Release|x86
		{19D6BE9B-2E79-4021-B045-B4F2B4E8494A}.Release|iPhone.Deploy.0 = Release|x86
		{19D6BE9B-2E79-4021-B045-B4F2B4E8494A}.Release|iPhoneSimulator.ActiveCfg = Release|x86
		{19D6BE9B-2E79-4021-B045-B4F2B4E8494A}.Release|iPhoneSimulator.Build.0 = Release|x86
		{19D6BE9B-2E79-4021-B045-B4F2B4E8494A}.Release|iPhoneSimulator.Deploy.0 = Release|x86
		{19D6BE9B-2E79-4021-B045-B4F2B4E8494A}.Release|x64.ActiveCfg = Release|x64
		{19D6BE9B-2E79-4021-B045-B4F2B4E8494A}.Release|x64.Build.0 = Release|x64
		{19D6BE9B-2E79-4021-B045-B4F2B4E8494A}.Release|x64.Deploy.0 = Release|x64
		{19D6BE9B-2E79-4021-B045-B4F2B4E8494A}.Release|x86.ActiveCfg = Release|x86
		{19D6BE9B-2E79-4021-B045-B4F2B4E8494A}.Release|x86.Build.0 = Release|x86
		{19D6BE9B-2E79-4021-B045-B4F2B4E8494A}.Release|x86.Deploy.0 = Release|x86
		{7E2A7A75-E682-424C-A050-E11E5D4F8223}.Ad-Hoc|Any CPU.ActiveCfg = Debug|Any CPU
		{7E2A7A75-E682-424C-A050-E11E5D4F8223}.Ad-Hoc|Any CPU.Build.0 = Debug|Any CPU
		{7E2A7A75-E682-424C-A050-E11E5D4F8223}.Ad-Hoc|Any CPU.Deploy.0 = Debug|Any CPU
		{7E2A7A75-E682-424C-A050-E11E5D4F8223}.Ad-Hoc|ARM.ActiveCfg = Debug|Any CPU
		{7E2A7A75-E682-424C-A050-E11E5D4F8223}.Ad-Hoc|ARM.Build.0 = Debug|Any CPU
		{7E2A7A75-E682-424C-A050-E11E5D4F8223}.Ad-Hoc|ARM.Deploy.0 = Debug|Any CPU
		{7E2A7A75-E682-424C-A050-E11E5D4F8223}.Ad-Hoc|iPhone.ActiveCfg = Debug|Any CPU
		{7E2A7A75-E682-424C-A050-E11E5D4F8223}.Ad-Hoc|iPhone.Build.0 = Debug|Any CPU
		{7E2A7A75-E682-424C-A050-E11E5D4F8223}.Ad-Hoc|iPhone.Deploy.0 = Debug|Any CPU
		{7E2A7A75-E682-424C-A050-E11E5D4F8223}.Ad-Hoc|iPhoneSimulator.ActiveCfg = Debug|Any CPU
		{7E2A7A75-E682-424C-A050-E11E5D4F8223}.Ad-Hoc|iPhoneSimulator.Build.0 = Debug|Any CPU
		{7E2A7A75-E682-424C-A050-E11E5D4F8223}.Ad-Hoc|iPhoneSimulator.Deploy.0 = Debug|Any CPU
		{7E2A7A75-E682-424C-A050-E11E5D4F8223}.Ad-Hoc|x64.ActiveCfg = Debug|Any CPU
		{7E2A7A75-E682-424C-A050-E11E5D4F8223}.Ad-Hoc|x64.Build.0 = Debug|Any CPU
		{7E2A7A75-E682-424C-A050-E11E5D4F8223}.Ad-Hoc|x64.Deploy.0 = Debug|Any CPU
		{7E2A7A75-E682-424C-A050-E11E5D4F8223}.Ad-Hoc|x86.ActiveCfg = Debug|Any CPU
		{7E2A7A75-E682-424C-A050-E11E5D4F8223}.Ad-Hoc|x86.Build.0 = Debug|Any CPU
		{7E2A7A75-E682-424C-A050-E11E5D4F8223}.Ad-Hoc|x86.Deploy.0 = Debug|Any CPU
		{7E2A7A75-E682-424C-A050-E11E5D4F8223}.AppStore|Any CPU.ActiveCfg = Debug|Any CPU
		{7E2A7A75-E682-424C-A050-E11E5D4F8223}.AppStore|Any CPU.Build.0 = Debug|Any CPU
		{7E2A7A75-E682-424C-A050-E11E5D4F8223}.AppStore|Any CPU.Deploy.0 = Debug|Any CPU
		{7E2A7A75-E682-424C-A050-E11E5D4F8223}.AppStore|ARM.ActiveCfg = Debug|Any CPU
		{7E2A7A75-E682-424C-A050-E11E5D4F8223}.AppStore|ARM.Build.0 = Debug|Any CPU
		{7E2A7A75-E682-424C-A050-E11E5D4F8223}.AppStore|ARM.Deploy.0 = Debug|Any CPU
		{7E2A7A75-E682-424C-A050-E11E5D4F8223}.AppStore|iPhone.ActiveCfg = Debug|Any CPU
		{7E2A7A75-E682-424C-A050-E11E5D4F8223}.AppStore|iPhone.Build.0 = Debug|Any CPU
		{7E2A7A75-E682-424C-A050-E11E5D4F8223}.AppStore|iPhone.Deploy.0 = Debug|Any CPU
		{7E2A7A75-E682-424C-A050-E11E5D4F8223}.AppStore|iPhoneSimulator.ActiveCfg = Debug|Any CPU
		{7E2A7A75-E682-424C-A050-E11E5D4F8223}.AppStore|iPhoneSimulator.Build.0 = Debug|Any CPU
		{7E2A7A75-E682-424C-A050-E11E5D4F8223}.AppStore|iPhoneSimulator.Deploy.0 = Debug|Any CPU
		{7E2A7A75-E682-424C-A050-E11E5D4F8223}.AppStore|x64.ActiveCfg = Debug|Any CPU
		{7E2A7A75-E682-424C-A050-E11E5D4F8223}.AppStore|x64.Build.0 = Debug|Any CPU
		{7E2A7A75-E682-424C-A050-E11E5D4F8223}.AppStore|x64.Deploy.0 = Debug|Any CPU
		{7E2A7A75-E682-424C-A050-E11E5D4F8223}.AppStore|x86.ActiveCfg = Debug|Any CPU
		{7E2A7A75-E682-424C-A050-E11E5D4F8223}.AppStore|x86.Build.0 = Debug|Any CPU
		{7E2A7A75-E682-424C-A050-E11E5D4F8223}.AppStore|x86.Deploy.0 = Debug|Any CPU
		{7E2A7A75-E682-424C-A050-E11E5D4F8223}.Debug|Any CPU.ActiveCfg = Debug|Any CPU
		{7E2A7A75-E682-424C-A050-E11E5D4F8223}.Debug|Any CPU.Build.0 = Debug|Any CPU
		{7E2A7A75-E682-424C-A050-E11E5D4F8223}.Debug|Any CPU.Deploy.0 = Debug|Any CPU
		{7E2A7A75-E682-424C-A050-E11E5D4F8223}.Debug|ARM.ActiveCfg = Debug|Any CPU
		{7E2A7A75-E682-424C-A050-E11E5D4F8223}.Debug|ARM.Build.0 = Debug|Any CPU
		{7E2A7A75-E682-424C-A050-E11E5D4F8223}.Debug|ARM.Deploy.0 = Debug|Any CPU
		{7E2A7A75-E682-424C-A050-E11E5D4F8223}.Debug|iPhone.ActiveCfg = Debug|Any CPU
		{7E2A7A75-E682-424C-A050-E11E5D4F8223}.Debug|iPhone.Build.0 = Debug|Any CPU
		{7E2A7A75-E682-424C-A050-E11E5D4F8223}.Debug|iPhone.Deploy.0 = Debug|Any CPU
		{7E2A7A75-E682-424C-A050-E11E5D4F8223}.Debug|iPhoneSimulator.ActiveCfg = Debug|Any CPU
		{7E2A7A75-E682-424C-A050-E11E5D4F8223}.Debug|iPhoneSimulator.Build.0 = Debug|Any CPU
		{7E2A7A75-E682-424C-A050-E11E5D4F8223}.Debug|iPhoneSimulator.Deploy.0 = Debug|Any CPU
		{7E2A7A75-E682-424C-A050-E11E5D4F8223}.Debug|x64.ActiveCfg = Debug|Any CPU
		{7E2A7A75-E682-424C-A050-E11E5D4F8223}.Debug|x64.Build.0 = Debug|Any CPU
		{7E2A7A75-E682-424C-A050-E11E5D4F8223}.Debug|x64.Deploy.0 = Debug|Any CPU
		{7E2A7A75-E682-424C-A050-E11E5D4F8223}.Debug|x86.ActiveCfg = Debug|Any CPU
		{7E2A7A75-E682-424C-A050-E11E5D4F8223}.Debug|x86.Build.0 = Debug|Any CPU
		{7E2A7A75-E682-424C-A050-E11E5D4F8223}.Debug|x86.Deploy.0 = Debug|Any CPU
		{7E2A7A75-E682-424C-A050-E11E5D4F8223}.Release|Any CPU.ActiveCfg = Release|Any CPU
		{7E2A7A75-E682-424C-A050-E11E5D4F8223}.Release|Any CPU.Build.0 = Release|Any CPU
		{7E2A7A75-E682-424C-A050-E11E5D4F8223}.Release|Any CPU.Deploy.0 = Release|Any CPU
		{7E2A7A75-E682-424C-A050-E11E5D4F8223}.Release|ARM.ActiveCfg = Release|Any CPU
		{7E2A7A75-E682-424C-A050-E11E5D4F8223}.Release|ARM.Build.0 = Release|Any CPU
		{7E2A7A75-E682-424C-A050-E11E5D4F8223}.Release|ARM.Deploy.0 = Release|Any CPU
		{7E2A7A75-E682-424C-A050-E11E5D4F8223}.Release|iPhone.ActiveCfg = Release|Any CPU
		{7E2A7A75-E682-424C-A050-E11E5D4F8223}.Release|iPhone.Build.0 = Release|Any CPU
		{7E2A7A75-E682-424C-A050-E11E5D4F8223}.Release|iPhone.Deploy.0 = Release|Any CPU
		{7E2A7A75-E682-424C-A050-E11E5D4F8223}.Release|iPhoneSimulator.ActiveCfg = Release|Any CPU
		{7E2A7A75-E682-424C-A050-E11E5D4F8223}.Release|iPhoneSimulator.Build.0 = Release|Any CPU
		{7E2A7A75-E682-424C-A050-E11E5D4F8223}.Release|iPhoneSimulator.Deploy.0 = Release|Any CPU
		{7E2A7A75-E682-424C-A050-E11E5D4F8223}.Release|x64.ActiveCfg = Release|Any CPU
		{7E2A7A75-E682-424C-A050-E11E5D4F8223}.Release|x64.Build.0 = Release|Any CPU
		{7E2A7A75-E682-424C-A050-E11E5D4F8223}.Release|x64.Deploy.0 = Release|Any CPU
		{7E2A7A75-E682-424C-A050-E11E5D4F8223}.Release|x86.ActiveCfg = Release|Any CPU
		{7E2A7A75-E682-424C-A050-E11E5D4F8223}.Release|x86.Build.0 = Release|Any CPU
		{7E2A7A75-E682-424C-A050-E11E5D4F8223}.Release|x86.Deploy.0 = Release|Any CPU
		{F3BB4C27-28A9-4E59-B56C-8FC8A978602F}.Ad-Hoc|Any CPU.ActiveCfg = Release|Any CPU
		{F3BB4C27-28A9-4E59-B56C-8FC8A978602F}.Ad-Hoc|Any CPU.Build.0 = Release|Any CPU
		{F3BB4C27-28A9-4E59-B56C-8FC8A978602F}.Ad-Hoc|ARM.ActiveCfg = Release|Any CPU
		{F3BB4C27-28A9-4E59-B56C-8FC8A978602F}.Ad-Hoc|ARM.Build.0 = Release|Any CPU
		{F3BB4C27-28A9-4E59-B56C-8FC8A978602F}.Ad-Hoc|iPhone.ActiveCfg = Release|Any CPU
		{F3BB4C27-28A9-4E59-B56C-8FC8A978602F}.Ad-Hoc|iPhone.Build.0 = Release|Any CPU
		{F3BB4C27-28A9-4E59-B56C-8FC8A978602F}.Ad-Hoc|iPhoneSimulator.ActiveCfg = Release|Any CPU
		{F3BB4C27-28A9-4E59-B56C-8FC8A978602F}.Ad-Hoc|iPhoneSimulator.Build.0 = Release|Any CPU
		{F3BB4C27-28A9-4E59-B56C-8FC8A978602F}.Ad-Hoc|x64.ActiveCfg = Release|Any CPU
		{F3BB4C27-28A9-4E59-B56C-8FC8A978602F}.Ad-Hoc|x64.Build.0 = Release|Any CPU
		{F3BB4C27-28A9-4E59-B56C-8FC8A978602F}.Ad-Hoc|x86.ActiveCfg = Release|Any CPU
		{F3BB4C27-28A9-4E59-B56C-8FC8A978602F}.Ad-Hoc|x86.Build.0 = Release|Any CPU
		{F3BB4C27-28A9-4E59-B56C-8FC8A978602F}.AppStore|Any CPU.ActiveCfg = Release|Any CPU
		{F3BB4C27-28A9-4E59-B56C-8FC8A978602F}.AppStore|Any CPU.Build.0 = Release|Any CPU
		{F3BB4C27-28A9-4E59-B56C-8FC8A978602F}.AppStore|ARM.ActiveCfg = Release|Any CPU
		{F3BB4C27-28A9-4E59-B56C-8FC8A978602F}.AppStore|ARM.Build.0 = Release|Any CPU
		{F3BB4C27-28A9-4E59-B56C-8FC8A978602F}.AppStore|iPhone.ActiveCfg = Release|Any CPU
		{F3BB4C27-28A9-4E59-B56C-8FC8A978602F}.AppStore|iPhone.Build.0 = Release|Any CPU
		{F3BB4C27-28A9-4E59-B56C-8FC8A978602F}.AppStore|iPhoneSimulator.ActiveCfg = Release|Any CPU
		{F3BB4C27-28A9-4E59-B56C-8FC8A978602F}.AppStore|iPhoneSimulator.Build.0 = Release|Any CPU
		{F3BB4C27-28A9-4E59-B56C-8FC8A978602F}.AppStore|x64.ActiveCfg = Release|Any CPU
		{F3BB4C27-28A9-4E59-B56C-8FC8A978602F}.AppStore|x64.Build.0 = Release|Any CPU
		{F3BB4C27-28A9-4E59-B56C-8FC8A978602F}.AppStore|x86.ActiveCfg = Release|Any CPU
		{F3BB4C27-28A9-4E59-B56C-8FC8A978602F}.AppStore|x86.Build.0 = Release|Any CPU
		{F3BB4C27-28A9-4E59-B56C-8FC8A978602F}.Debug|Any CPU.ActiveCfg = Debug|Any CPU
		{F3BB4C27-28A9-4E59-B56C-8FC8A978602F}.Debug|Any CPU.Build.0 = Debug|Any CPU
		{F3BB4C27-28A9-4E59-B56C-8FC8A978602F}.Debug|ARM.ActiveCfg = Debug|Any CPU
		{F3BB4C27-28A9-4E59-B56C-8FC8A978602F}.Debug|ARM.Build.0 = Debug|Any CPU
		{F3BB4C27-28A9-4E59-B56C-8FC8A978602F}.Debug|iPhone.ActiveCfg = Debug|Any CPU
		{F3BB4C27-28A9-4E59-B56C-8FC8A978602F}.Debug|iPhone.Build.0 = Debug|Any CPU
		{F3BB4C27-28A9-4E59-B56C-8FC8A978602F}.Debug|iPhoneSimulator.ActiveCfg = Debug|Any CPU
		{F3BB4C27-28A9-4E59-B56C-8FC8A978602F}.Debug|iPhoneSimulator.Build.0 = Debug|Any CPU
		{F3BB4C27-28A9-4E59-B56C-8FC8A978602F}.Debug|x64.ActiveCfg = Debug|Any CPU
		{F3BB4C27-28A9-4E59-B56C-8FC8A978602F}.Debug|x64.Build.0 = Debug|Any CPU
		{F3BB4C27-28A9-4E59-B56C-8FC8A978602F}.Debug|x86.ActiveCfg = Debug|Any CPU
		{F3BB4C27-28A9-4E59-B56C-8FC8A978602F}.Debug|x86.Build.0 = Debug|Any CPU
		{F3BB4C27-28A9-4E59-B56C-8FC8A978602F}.Release|Any CPU.ActiveCfg = Release|Any CPU
		{F3BB4C27-28A9-4E59-B56C-8FC8A978602F}.Release|Any CPU.Build.0 = Release|Any CPU
		{F3BB4C27-28A9-4E59-B56C-8FC8A978602F}.Release|ARM.ActiveCfg = Release|Any CPU
		{F3BB4C27-28A9-4E59-B56C-8FC8A978602F}.Release|ARM.Build.0 = Release|Any CPU
		{F3BB4C27-28A9-4E59-B56C-8FC8A978602F}.Release|iPhone.ActiveCfg = Release|Any CPU
		{F3BB4C27-28A9-4E59-B56C-8FC8A978602F}.Release|iPhone.Build.0 = Release|Any CPU
		{F3BB4C27-28A9-4E59-B56C-8FC8A978602F}.Release|iPhoneSimulator.ActiveCfg = Release|Any CPU
		{F3BB4C27-28A9-4E59-B56C-8FC8A978602F}.Release|iPhoneSimulator.Build.0 = Release|Any CPU
		{F3BB4C27-28A9-4E59-B56C-8FC8A978602F}.Release|x64.ActiveCfg = Release|Any CPU
		{F3BB4C27-28A9-4E59-B56C-8FC8A978602F}.Release|x64.Build.0 = Release|Any CPU
		{F3BB4C27-28A9-4E59-B56C-8FC8A978602F}.Release|x86.ActiveCfg = Release|Any CPU
		{F3BB4C27-28A9-4E59-B56C-8FC8A978602F}.Release|x86.Build.0 = Release|Any CPU
		{480DB699-BA1A-41EA-81FB-827E9C13DEE5}.Ad-Hoc|Any CPU.ActiveCfg = Release|Any CPU
		{480DB699-BA1A-41EA-81FB-827E9C13DEE5}.Ad-Hoc|Any CPU.Build.0 = Release|Any CPU
		{480DB699-BA1A-41EA-81FB-827E9C13DEE5}.Ad-Hoc|ARM.ActiveCfg = Release|Any CPU
		{480DB699-BA1A-41EA-81FB-827E9C13DEE5}.Ad-Hoc|ARM.Build.0 = Release|Any CPU
		{480DB699-BA1A-41EA-81FB-827E9C13DEE5}.Ad-Hoc|iPhone.ActiveCfg = Release|Any CPU
		{480DB699-BA1A-41EA-81FB-827E9C13DEE5}.Ad-Hoc|iPhone.Build.0 = Release|Any CPU
		{480DB699-BA1A-41EA-81FB-827E9C13DEE5}.Ad-Hoc|iPhoneSimulator.ActiveCfg = Release|Any CPU
		{480DB699-BA1A-41EA-81FB-827E9C13DEE5}.Ad-Hoc|iPhoneSimulator.Build.0 = Release|Any CPU
		{480DB699-BA1A-41EA-81FB-827E9C13DEE5}.Ad-Hoc|x64.ActiveCfg = Release|Any CPU
		{480DB699-BA1A-41EA-81FB-827E9C13DEE5}.Ad-Hoc|x64.Build.0 = Release|Any CPU
		{480DB699-BA1A-41EA-81FB-827E9C13DEE5}.Ad-Hoc|x86.ActiveCfg = Release|Any CPU
		{480DB699-BA1A-41EA-81FB-827E9C13DEE5}.Ad-Hoc|x86.Build.0 = Release|Any CPU
		{480DB699-BA1A-41EA-81FB-827E9C13DEE5}.AppStore|Any CPU.ActiveCfg = Release|Any CPU
		{480DB699-BA1A-41EA-81FB-827E9C13DEE5}.AppStore|Any CPU.Build.0 = Release|Any CPU
		{480DB699-BA1A-41EA-81FB-827E9C13DEE5}.AppStore|ARM.ActiveCfg = Release|Any CPU
		{480DB699-BA1A-41EA-81FB-827E9C13DEE5}.AppStore|ARM.Build.0 = Release|Any CPU
		{480DB699-BA1A-41EA-81FB-827E9C13DEE5}.AppStore|iPhone.ActiveCfg = Release|Any CPU
		{480DB699-BA1A-41EA-81FB-827E9C13DEE5}.AppStore|iPhone.Build.0 = Release|Any CPU
		{480DB699-BA1A-41EA-81FB-827E9C13DEE5}.AppStore|iPhoneSimulator.ActiveCfg = Release|Any CPU
		{480DB699-BA1A-41EA-81FB-827E9C13DEE5}.AppStore|iPhoneSimulator.Build.0 = Release|Any CPU
		{480DB699-BA1A-41EA-81FB-827E9C13DEE5}.AppStore|x64.ActiveCfg = Release|Any CPU
		{480DB699-BA1A-41EA-81FB-827E9C13DEE5}.AppStore|x64.Build.0 = Release|Any CPU
		{480DB699-BA1A-41EA-81FB-827E9C13DEE5}.AppStore|x86.ActiveCfg = Release|Any CPU
		{480DB699-BA1A-41EA-81FB-827E9C13DEE5}.AppStore|x86.Build.0 = Release|Any CPU
		{480DB699-BA1A-41EA-81FB-827E9C13DEE5}.Debug|Any CPU.ActiveCfg = Debug|Any CPU
		{480DB699-BA1A-41EA-81FB-827E9C13DEE5}.Debug|Any CPU.Build.0 = Debug|Any CPU
		{480DB699-BA1A-41EA-81FB-827E9C13DEE5}.Debug|ARM.ActiveCfg = Debug|Any CPU
		{480DB699-BA1A-41EA-81FB-827E9C13DEE5}.Debug|ARM.Build.0 = Debug|Any CPU
		{480DB699-BA1A-41EA-81FB-827E9C13DEE5}.Debug|iPhone.ActiveCfg = Debug|Any CPU
		{480DB699-BA1A-41EA-81FB-827E9C13DEE5}.Debug|iPhone.Build.0 = Debug|Any CPU
		{480DB699-BA1A-41EA-81FB-827E9C13DEE5}.Debug|iPhoneSimulator.ActiveCfg = Debug|Any CPU
		{480DB699-BA1A-41EA-81FB-827E9C13DEE5}.Debug|iPhoneSimulator.Build.0 = Debug|Any CPU
		{480DB699-BA1A-41EA-81FB-827E9C13DEE5}.Debug|x64.ActiveCfg = Debug|Any CPU
		{480DB699-BA1A-41EA-81FB-827E9C13DEE5}.Debug|x64.Build.0 = Debug|Any CPU
		{480DB699-BA1A-41EA-81FB-827E9C13DEE5}.Debug|x86.ActiveCfg = Debug|Any CPU
		{480DB699-BA1A-41EA-81FB-827E9C13DEE5}.Debug|x86.Build.0 = Debug|Any CPU
		{480DB699-BA1A-41EA-81FB-827E9C13DEE5}.Release|Any CPU.ActiveCfg = Release|Any CPU
		{480DB699-BA1A-41EA-81FB-827E9C13DEE5}.Release|Any CPU.Build.0 = Release|Any CPU
		{480DB699-BA1A-41EA-81FB-827E9C13DEE5}.Release|ARM.ActiveCfg = Release|Any CPU
		{480DB699-BA1A-41EA-81FB-827E9C13DEE5}.Release|ARM.Build.0 = Release|Any CPU
		{480DB699-BA1A-41EA-81FB-827E9C13DEE5}.Release|iPhone.ActiveCfg = Release|Any CPU
		{480DB699-BA1A-41EA-81FB-827E9C13DEE5}.Release|iPhone.Build.0 = Release|Any CPU
		{480DB699-BA1A-41EA-81FB-827E9C13DEE5}.Release|iPhoneSimulator.ActiveCfg = Release|Any CPU
		{480DB699-BA1A-41EA-81FB-827E9C13DEE5}.Release|iPhoneSimulator.Build.0 = Release|Any CPU
		{480DB699-BA1A-41EA-81FB-827E9C13DEE5}.Release|x64.ActiveCfg = Release|Any CPU
		{480DB699-BA1A-41EA-81FB-827E9C13DEE5}.Release|x64.Build.0 = Release|Any CPU
		{480DB699-BA1A-41EA-81FB-827E9C13DEE5}.Release|x86.ActiveCfg = Release|Any CPU
		{480DB699-BA1A-41EA-81FB-827E9C13DEE5}.Release|x86.Build.0 = Release|Any CPU
		{3E5B1FF8-F6DC-4A59-9E46-1D9A29E78F89}.Ad-Hoc|Any CPU.ActiveCfg = Release|Any CPU
		{3E5B1FF8-F6DC-4A59-9E46-1D9A29E78F89}.Ad-Hoc|Any CPU.Build.0 = Release|Any CPU
		{3E5B1FF8-F6DC-4A59-9E46-1D9A29E78F89}.Ad-Hoc|ARM.ActiveCfg = Release|Any CPU
		{3E5B1FF8-F6DC-4A59-9E46-1D9A29E78F89}.Ad-Hoc|ARM.Build.0 = Release|Any CPU
		{3E5B1FF8-F6DC-4A59-9E46-1D9A29E78F89}.Ad-Hoc|iPhone.ActiveCfg = Release|Any CPU
		{3E5B1FF8-F6DC-4A59-9E46-1D9A29E78F89}.Ad-Hoc|iPhone.Build.0 = Release|Any CPU
		{3E5B1FF8-F6DC-4A59-9E46-1D9A29E78F89}.Ad-Hoc|iPhoneSimulator.ActiveCfg = Release|Any CPU
		{3E5B1FF8-F6DC-4A59-9E46-1D9A29E78F89}.Ad-Hoc|iPhoneSimulator.Build.0 = Release|Any CPU
		{3E5B1FF8-F6DC-4A59-9E46-1D9A29E78F89}.Ad-Hoc|x64.ActiveCfg = Release|Any CPU
		{3E5B1FF8-F6DC-4A59-9E46-1D9A29E78F89}.Ad-Hoc|x64.Build.0 = Release|Any CPU
		{3E5B1FF8-F6DC-4A59-9E46-1D9A29E78F89}.Ad-Hoc|x86.ActiveCfg = Release|Any CPU
		{3E5B1FF8-F6DC-4A59-9E46-1D9A29E78F89}.Ad-Hoc|x86.Build.0 = Release|Any CPU
		{3E5B1FF8-F6DC-4A59-9E46-1D9A29E78F89}.AppStore|Any CPU.ActiveCfg = Release|Any CPU
		{3E5B1FF8-F6DC-4A59-9E46-1D9A29E78F89}.AppStore|Any CPU.Build.0 = Release|Any CPU
		{3E5B1FF8-F6DC-4A59-9E46-1D9A29E78F89}.AppStore|ARM.ActiveCfg = Release|Any CPU
		{3E5B1FF8-F6DC-4A59-9E46-1D9A29E78F89}.AppStore|ARM.Build.0 = Release|Any CPU
		{3E5B1FF8-F6DC-4A59-9E46-1D9A29E78F89}.AppStore|iPhone.ActiveCfg = Release|Any CPU
		{3E5B1FF8-F6DC-4A59-9E46-1D9A29E78F89}.AppStore|iPhone.Build.0 = Release|Any CPU
		{3E5B1FF8-F6DC-4A59-9E46-1D9A29E78F89}.AppStore|iPhoneSimulator.ActiveCfg = Release|Any CPU
		{3E5B1FF8-F6DC-4A59-9E46-1D9A29E78F89}.AppStore|iPhoneSimulator.Build.0 = Release|Any CPU
		{3E5B1FF8-F6DC-4A59-9E46-1D9A29E78F89}.AppStore|x64.ActiveCfg = Release|Any CPU
		{3E5B1FF8-F6DC-4A59-9E46-1D9A29E78F89}.AppStore|x64.Build.0 = Release|Any CPU
		{3E5B1FF8-F6DC-4A59-9E46-1D9A29E78F89}.AppStore|x86.ActiveCfg = Release|Any CPU
		{3E5B1FF8-F6DC-4A59-9E46-1D9A29E78F89}.AppStore|x86.Build.0 = Release|Any CPU
		{3E5B1FF8-F6DC-4A59-9E46-1D9A29E78F89}.Debug|Any CPU.ActiveCfg = Debug|Any CPU
		{3E5B1FF8-F6DC-4A59-9E46-1D9A29E78F89}.Debug|Any CPU.Build.0 = Debug|Any CPU
		{3E5B1FF8-F6DC-4A59-9E46-1D9A29E78F89}.Debug|ARM.ActiveCfg = Debug|Any CPU
		{3E5B1FF8-F6DC-4A59-9E46-1D9A29E78F89}.Debug|ARM.Build.0 = Debug|Any CPU
		{3E5B1FF8-F6DC-4A59-9E46-1D9A29E78F89}.Debug|iPhone.ActiveCfg = Debug|Any CPU
		{3E5B1FF8-F6DC-4A59-9E46-1D9A29E78F89}.Debug|iPhone.Build.0 = Debug|Any CPU
		{3E5B1FF8-F6DC-4A59-9E46-1D9A29E78F89}.Debug|iPhoneSimulator.ActiveCfg = Debug|Any CPU
		{3E5B1FF8-F6DC-4A59-9E46-1D9A29E78F89}.Debug|iPhoneSimulator.Build.0 = Debug|Any CPU
		{3E5B1FF8-F6DC-4A59-9E46-1D9A29E78F89}.Debug|x64.ActiveCfg = Debug|Any CPU
		{3E5B1FF8-F6DC-4A59-9E46-1D9A29E78F89}.Debug|x64.Build.0 = Debug|Any CPU
		{3E5B1FF8-F6DC-4A59-9E46-1D9A29E78F89}.Debug|x86.ActiveCfg = Debug|Any CPU
		{3E5B1FF8-F6DC-4A59-9E46-1D9A29E78F89}.Debug|x86.Build.0 = Debug|Any CPU
		{3E5B1FF8-F6DC-4A59-9E46-1D9A29E78F89}.Release|Any CPU.ActiveCfg = Release|Any CPU
		{3E5B1FF8-F6DC-4A59-9E46-1D9A29E78F89}.Release|Any CPU.Build.0 = Release|Any CPU
		{3E5B1FF8-F6DC-4A59-9E46-1D9A29E78F89}.Release|ARM.ActiveCfg = Release|Any CPU
		{3E5B1FF8-F6DC-4A59-9E46-1D9A29E78F89}.Release|ARM.Build.0 = Release|Any CPU
		{3E5B1FF8-F6DC-4A59-9E46-1D9A29E78F89}.Release|iPhone.ActiveCfg = Release|Any CPU
		{3E5B1FF8-F6DC-4A59-9E46-1D9A29E78F89}.Release|iPhone.Build.0 = Release|Any CPU
		{3E5B1FF8-F6DC-4A59-9E46-1D9A29E78F89}.Release|iPhoneSimulator.ActiveCfg = Release|Any CPU
		{3E5B1FF8-F6DC-4A59-9E46-1D9A29E78F89}.Release|iPhoneSimulator.Build.0 = Release|Any CPU
		{3E5B1FF8-F6DC-4A59-9E46-1D9A29E78F89}.Release|x64.ActiveCfg = Release|Any CPU
		{3E5B1FF8-F6DC-4A59-9E46-1D9A29E78F89}.Release|x64.Build.0 = Release|Any CPU
		{3E5B1FF8-F6DC-4A59-9E46-1D9A29E78F89}.Release|x86.ActiveCfg = Release|Any CPU
		{3E5B1FF8-F6DC-4A59-9E46-1D9A29E78F89}.Release|x86.Build.0 = Release|Any CPU
		{1521F008-123F-4A37-B8B4-2710A15A1A22}.Ad-Hoc|Any CPU.ActiveCfg = Release|Any CPU
		{1521F008-123F-4A37-B8B4-2710A15A1A22}.Ad-Hoc|Any CPU.Build.0 = Release|Any CPU
		{1521F008-123F-4A37-B8B4-2710A15A1A22}.Ad-Hoc|ARM.ActiveCfg = Release|Any CPU
		{1521F008-123F-4A37-B8B4-2710A15A1A22}.Ad-Hoc|ARM.Build.0 = Release|Any CPU
		{1521F008-123F-4A37-B8B4-2710A15A1A22}.Ad-Hoc|iPhone.ActiveCfg = Release|Any CPU
		{1521F008-123F-4A37-B8B4-2710A15A1A22}.Ad-Hoc|iPhone.Build.0 = Release|Any CPU
		{1521F008-123F-4A37-B8B4-2710A15A1A22}.Ad-Hoc|iPhoneSimulator.ActiveCfg = Release|Any CPU
		{1521F008-123F-4A37-B8B4-2710A15A1A22}.Ad-Hoc|iPhoneSimulator.Build.0 = Release|Any CPU
		{1521F008-123F-4A37-B8B4-2710A15A1A22}.Ad-Hoc|x64.ActiveCfg = Release|Any CPU
		{1521F008-123F-4A37-B8B4-2710A15A1A22}.Ad-Hoc|x64.Build.0 = Release|Any CPU
		{1521F008-123F-4A37-B8B4-2710A15A1A22}.Ad-Hoc|x86.ActiveCfg = Release|Any CPU
		{1521F008-123F-4A37-B8B4-2710A15A1A22}.Ad-Hoc|x86.Build.0 = Release|Any CPU
		{1521F008-123F-4A37-B8B4-2710A15A1A22}.AppStore|Any CPU.ActiveCfg = Release|Any CPU
		{1521F008-123F-4A37-B8B4-2710A15A1A22}.AppStore|Any CPU.Build.0 = Release|Any CPU
		{1521F008-123F-4A37-B8B4-2710A15A1A22}.AppStore|ARM.ActiveCfg = Release|Any CPU
		{1521F008-123F-4A37-B8B4-2710A15A1A22}.AppStore|ARM.Build.0 = Release|Any CPU
		{1521F008-123F-4A37-B8B4-2710A15A1A22}.AppStore|iPhone.ActiveCfg = Release|Any CPU
		{1521F008-123F-4A37-B8B4-2710A15A1A22}.AppStore|iPhone.Build.0 = Release|Any CPU
		{1521F008-123F-4A37-B8B4-2710A15A1A22}.AppStore|iPhoneSimulator.ActiveCfg = Release|Any CPU
		{1521F008-123F-4A37-B8B4-2710A15A1A22}.AppStore|iPhoneSimulator.Build.0 = Release|Any CPU
		{1521F008-123F-4A37-B8B4-2710A15A1A22}.AppStore|x64.ActiveCfg = Release|Any CPU
		{1521F008-123F-4A37-B8B4-2710A15A1A22}.AppStore|x64.Build.0 = Release|Any CPU
		{1521F008-123F-4A37-B8B4-2710A15A1A22}.AppStore|x86.ActiveCfg = Release|Any CPU
		{1521F008-123F-4A37-B8B4-2710A15A1A22}.AppStore|x86.Build.0 = Release|Any CPU
		{1521F008-123F-4A37-B8B4-2710A15A1A22}.Debug|Any CPU.ActiveCfg = Debug|Any CPU
		{1521F008-123F-4A37-B8B4-2710A15A1A22}.Debug|Any CPU.Build.0 = Debug|Any CPU
		{1521F008-123F-4A37-B8B4-2710A15A1A22}.Debug|ARM.ActiveCfg = Debug|Any CPU
		{1521F008-123F-4A37-B8B4-2710A15A1A22}.Debug|ARM.Build.0 = Debug|Any CPU
		{1521F008-123F-4A37-B8B4-2710A15A1A22}.Debug|iPhone.ActiveCfg = Debug|Any CPU
		{1521F008-123F-4A37-B8B4-2710A15A1A22}.Debug|iPhone.Build.0 = Debug|Any CPU
		{1521F008-123F-4A37-B8B4-2710A15A1A22}.Debug|iPhoneSimulator.ActiveCfg = Debug|Any CPU
		{1521F008-123F-4A37-B8B4-2710A15A1A22}.Debug|iPhoneSimulator.Build.0 = Debug|Any CPU
		{1521F008-123F-4A37-B8B4-2710A15A1A22}.Debug|x64.ActiveCfg = Debug|Any CPU
		{1521F008-123F-4A37-B8B4-2710A15A1A22}.Debug|x64.Build.0 = Debug|Any CPU
		{1521F008-123F-4A37-B8B4-2710A15A1A22}.Debug|x86.ActiveCfg = Debug|Any CPU
		{1521F008-123F-4A37-B8B4-2710A15A1A22}.Debug|x86.Build.0 = Debug|Any CPU
		{1521F008-123F-4A37-B8B4-2710A15A1A22}.Release|Any CPU.ActiveCfg = Release|Any CPU
		{1521F008-123F-4A37-B8B4-2710A15A1A22}.Release|Any CPU.Build.0 = Release|Any CPU
		{1521F008-123F-4A37-B8B4-2710A15A1A22}.Release|ARM.ActiveCfg = Release|Any CPU
		{1521F008-123F-4A37-B8B4-2710A15A1A22}.Release|ARM.Build.0 = Release|Any CPU
		{1521F008-123F-4A37-B8B4-2710A15A1A22}.Release|iPhone.ActiveCfg = Release|Any CPU
		{1521F008-123F-4A37-B8B4-2710A15A1A22}.Release|iPhone.Build.0 = Release|Any CPU
		{1521F008-123F-4A37-B8B4-2710A15A1A22}.Release|iPhoneSimulator.ActiveCfg = Release|Any CPU
		{1521F008-123F-4A37-B8B4-2710A15A1A22}.Release|iPhoneSimulator.Build.0 = Release|Any CPU
		{1521F008-123F-4A37-B8B4-2710A15A1A22}.Release|x64.ActiveCfg = Release|Any CPU
		{1521F008-123F-4A37-B8B4-2710A15A1A22}.Release|x64.Build.0 = Release|Any CPU
		{1521F008-123F-4A37-B8B4-2710A15A1A22}.Release|x86.ActiveCfg = Release|Any CPU
		{1521F008-123F-4A37-B8B4-2710A15A1A22}.Release|x86.Build.0 = Release|Any CPU
	EndGlobalSection
	GlobalSection(SolutionProperties) = preSolution
		HideSolutionNode = FALSE
	EndGlobalSection
	GlobalSection(ExtensibilityGlobals) = postSolution
		SolutionGuid = {1FBD1F2B-F758-4408-AC5F-5664B7E14424}
	EndGlobalSection
EndGlobal
